PODS:
  - Alamofire (4.6.0)
  - Charts (3.0.4):
    - Charts/Core (= 3.0.4)
  - Charts/Core (3.0.4)
  - ChartsRealm (3.0.4):
    - Charts (= 3.0.4)
    - RealmSwift (~> 2.10)
  - Gloss (2.0.0-beta.2)
  - HanekeSwift (0.10.1)
  - MMDrawerController (0.5.7):
    - MMDrawerController/Core (= 0.5.7)
    - MMDrawerController/MMDrawerBarButtonItem (= 0.5.7)
    - MMDrawerController/MMDrawerVisualStates (= 0.5.7)
    - MMDrawerController/Subclass (= 0.5.7)
  - MMDrawerController/Core (0.5.7)
  - MMDrawerController/MMDrawerBarButtonItem (0.5.7):
    - MMDrawerController/Core
  - MMDrawerController/MMDrawerVisualStates (0.5.7):
    - MMDrawerController/Core
  - MMDrawerController/Subclass (0.5.7):
    - MMDrawerController/Core
  - Realm (2.10.2):
    - Realm/Headers (= 2.10.2)
  - Realm/Headers (2.10.2)
  - RealmSwift (2.10.2):
    - Realm (= 2.10.2)
  - SCLAlertView (0.7.0)

DEPENDENCIES:
  - Alamofire (~> 4.0)
  - Charts
  - ChartsRealm
  - Gloss (= 2.0.0-beta.2)
  - HanekeSwift (from `https://github.com/Haneke/HanekeSwift.git`, branch `feature/swift-3`)
  - MMDrawerController (~> 0.5.7)
  - SCLAlertView (from `https://github.com/vikmeup/SCLAlertView-Swift.git`)

EXTERNAL SOURCES:
  HanekeSwift:
    :branch: feature/swift-3
    :git: https://github.com/Haneke/HanekeSwift.git
  SCLAlertView:
    :git: https://github.com/vikmeup/SCLAlertView-Swift.git

CHECKOUT OPTIONS:
  HanekeSwift:
    :commit: 2f6d87f1f725d204d85cb34492e8c399cd5a200f
    :git: https://github.com/Haneke/HanekeSwift.git
  SCLAlertView:
    :commit: 85329ce66c297bea79ddef92908ff2040174ccf9
    :git: https://github.com/vikmeup/SCLAlertView-Swift.git

SPEC CHECKSUMS:
  Alamofire: f41a599bd63041760b26d393ec1069d9d7b917f4
  Charts: 0705898046257443f0afbbc3179f4b67507b6e48
  ChartsRealm: 3cf7c9ebf9c6312efbf418cf1da91d72d5416b26
  Gloss: ec2bc49c3d2db468581ced33d49c26117c7343af
  HanekeSwift: 4113367892828e7700d24a384027de6ebc79aad1
  MMDrawerController: 7a4cf8e25596bf2434e03ce50d22a8608ddee6a1
  Realm: 0ef72b837fb67e9f4b098bac771ddd72c7fdbb69
  RealmSwift: 07a9ae0505091eda6b2ee7c190c3786d6e90a7b0
  SCLAlertView: 8a14ffc40590c619e183eed2298b854385f30be1

PODFILE CHECKSUM: 7a79589028b157cced77f4f6e755c922697f7736

COCOAPODS: 1.3.1
